# This file is automatically @generated by Cargo.
# It is not intended for manual editing.
version = 3

[[package]]
name = "chat_room_client"
version = "0.1.0"
dependencies = [
 "chat_room_common",
]

[[package]]
name = "chat_room_common"
version = "0.1.0"

[[package]]
name = "chat_room_server"
version = "0.1.0"
dependencies = [
 "chat_room_common",
]
